
Microsoft Visual Studio Solution File, Format Version 12.00
# Visual Studio 14
VisualStudioVersion = 14.0.23107.0
MinimumVisualStudioVersion = 10.0.40219.1
Project("{FAE04EC0-301F-11D3-BF4B-00C04F79EFBC}") = "ScrambledWords", "ScrambledWords\ScrambledWords.csproj", "{0865B6D5-3A8D-4E58-84D1-1AF8D34D3880}"
EndProject
Project("{FAE04EC0-301F-11D3-BF4B-00C04F79EFBC}") = "ScrambledWords.Benchmark", "ScrambledWords.Benchmark\ScrambledWords.Benchmark.csproj", "{640BB89D-1AED-40BA-B4DA-A3A33A774E2C}"
EndProject
Global
	GlobalSection(SolutionConfigurationPlatforms) = preSolution
		Debug|Any CPU = Debug|Any CPU
		Release|Any CPU = Release|Any CPU
	EndGlobalSection
	GlobalSection(ProjectConfigurationPlatforms) = postSolution
		{0865B6D5-3A8D-4E58-84D1-1AF8D34D3880}.Debug|Any CPU.ActiveCfg = Debug|Any CPU
		{0865B6D5-3A8D-4E58-84D1-1AF8D34D3880}.Debug|Any CPU.Build.0 = Debug|Any CPU
		{0865B6D5-3A8D-4E58-84D1-1AF8D34D3880}.Release|Any CPU.ActiveCfg = Release|Any CPU
		{0865B6D5-3A8D-4E58-84D1-1AF8D34D3880}.Release|Any CPU.Build.0 = Release|Any CPU
		{640BB89D-1AED-40BA-B4DA-A3A33A774E2C}.Debug|Any CPU.ActiveCfg = Debug|Any CPU
		{640BB89D-1AED-40BA-B4DA-A3A33A774E2C}.Debug|Any CPU.Build.0 = Debug|Any CPU
		{640BB89D-1AED-40BA-B4DA-A3A33A774E2C}.Release|Any CPU.ActiveCfg = Release|Any CPU
		{640BB89D-1AED-40BA-B4DA-A3A33A774E2C}.Release|Any CPU.Build.0 = Release|Any CPU
	EndGlobalSection
	GlobalSection(SolutionProperties) = preSolution
		HideSolutionNode = FALSE
	EndGlobalSection
EndGlobal
